
Microsoft Visual Studio Solution File, Format Version 12.00
# Visual Studio Version 17
VisualStudioVersion = 17.6.33723.286
MinimumVisualStudioVersion = 10.0.40219.1
Project("{9A19103F-16F7-4668-BE54-9A1E7A4F7556}") = "RandomQuestionApi", "RandomQuestionApi\RandomQuestionApi.csproj", "{F662BA11-FBC3-43D9-8ECA-62E102D75A2A}"
EndProject
Project("{FAE04EC0-301F-11D3-BF4B-00C04F79EFBC}") = "RandomQuestionApiTest", "RandomQuestionApiTest\RandomQuestionApiTest.csproj", "{1694B98B-4FF9-4D78-A106-EF415741B0F9}"
EndProject
Global
	GlobalSection(SolutionConfigurationPlatforms) = preSolution
		Debug|Any CPU = Debug|Any CPU
		Release|Any CPU = Release|Any CPU
	EndGlobalSection
	GlobalSection(ProjectConfigurationPlatforms) = postSolution
		{F662BA11-FBC3-43D9-8ECA-62E102D75A2A}.Debug|Any CPU.ActiveCfg = Debug|Any CPU
		{F662BA11-FBC3-43D9-8ECA-62E102D75A2A}.Debug|Any CPU.Build.0 = Debug|Any CPU
		{F662BA11-FBC3-43D9-8ECA-62E102D75A2A}.Release|Any CPU.ActiveCfg = Release|Any CPU
		{F662BA11-FBC3-43D9-8ECA-62E102D75A2A}.Release|Any CPU.Build.0 = Release|Any CPU
		{1694B98B-4FF9-4D78-A106-EF415741B0F9}.Debug|Any CPU.ActiveCfg = Debug|Any CPU
		{1694B98B-4FF9-4D78-A106-EF415741B0F9}.Debug|Any CPU.Build.0 = Debug|Any CPU
		{1694B98B-4FF9-4D78-A106-EF415741B0F9}.Release|Any CPU.ActiveCfg = Release|Any CPU
		{1694B98B-4FF9-4D78-A106-EF415741B0F9}.Release|Any CPU.Build.0 = Release|Any CPU
	EndGlobalSection
	GlobalSection(SolutionProperties) = preSolution
		HideSolutionNode = FALSE
	EndGlobalSection
	GlobalSection(ExtensibilityGlobals) = postSolution
		SolutionGuid = {B458CCD4-A146-4481-BB4F-BE2C64566E8F}
	EndGlobalSection
EndGlobal
